<?xml version="1.0" encoding="utf-8"?>
<Project ToolsVersion="4.0" xmlns="http://schemas.microsoft.com/developer/msbuild/2003">
  <ItemGroup>
    <ClCompile Include="main.cpp" />
    <ClCompile Include="Interface.cpp" />
  </ItemGroup>
  <ItemGroup>
    <ClInclude Include="stdafx.h" />
    <ClInclude Include="interface.h" />
    <ClInclude Include="function.cuh">
      <Filter>CudaFile</Filter>
    </ClInclude>
    <ClInclude Include="Common\helper_timer.h">
      <Filter>Common</Filter>
    </ClInclude>
    <ClInclude Include="Common\helper_string.h">
      <Filter>Common</Filter>
    </ClInclude>
    <ClInclude Include="Common\helper_image.h">
      <Filter>Common</Filter>
    </ClInclude>
    <ClInclude Include="Common\helper_functions.h">
      <Filter>Common</Filter>
    </ClInclude>
    <ClInclude Include="Common\helper_cuda_drvapi.h">
      <Filter>Common</Filter>
    </ClInclude>
    <ClInclude Include="Common\helper_cuda.h">
      <Filter>Common</Filter>
    </ClInclude>
    <ClInclude Include="Common\exception.h">
      <Filter>Common</Filter>
    </ClInclude>
  </ItemGroup>
  <ItemGroup>
    <Filter Include="CudaFile">
      <UniqueIdentifier>{2b9130fd-d3b0-4c76-8f0d-2e2cb166ad97}</UniqueIdentifier>
    </Filter>
    <Filter Include="Common">
      <UniqueIdentifier>{2fdb326c-2bdf-488e-a1dc-aae8fc77268c}</UniqueIdentifier>
    </Filter>
  </ItemGroup>
  <ItemGroup>
    <CudaCompile Include="function.cu">
      <Filter>CudaFile</Filter>
    </CudaCompile>
  </ItemGroup>
  <ItemGroup>
    <None Include="Common\LICENSE">
      <Filter>Common</Filter>
    </None>
  </ItemGroup>
</Project>